
Microsoft Visual Studio Solution File, Format Version 12.00
# Visual Studio Version 17
VisualStudioVersion = 17.8.34330.188
MinimumVisualStudioVersion = 10.0.40219.1
Project("{FAE04EC0-301F-11D3-BF4B-00C04F79EFBC}") = "NestedText", "NestedText\NestedText.csproj", "{B027876A-24B1-428D-9AD3-6FD9D101AB26}"
EndProject
Project("{FAE04EC0-301F-11D3-BF4B-00C04F79EFBC}") = "NestedText.Tests", "NestedText.Tests\NestedText.Tests.csproj", "{765E5FD8-1F08-44A2-8980-5512586F5B22}"
EndProject
Global
	GlobalSection(SolutionConfigurationPlatforms) = preSolution
		Debug|Any CPU = Debug|Any CPU
		Release|Any CPU = Release|Any CPU
	EndGlobalSection
	GlobalSection(ProjectConfigurationPlatforms) = postSolution
		{B027876A-24B1-428D-9AD3-6FD9D101AB26}.Debug|Any CPU.ActiveCfg = Debug|Any CPU
		{B027876A-24B1-428D-9AD3-6FD9D101AB26}.Debug|Any CPU.Build.0 = Debug|Any CPU
		{B027876A-24B1-428D-9AD3-6FD9D101AB26}.Release|Any CPU.ActiveCfg = Release|Any CPU
		{B027876A-24B1-428D-9AD3-6FD9D101AB26}.Release|Any CPU.Build.0 = Release|Any CPU
		{765E5FD8-1F08-44A2-8980-5512586F5B22}.Debug|Any CPU.ActiveCfg = Debug|Any CPU
		{765E5FD8-1F08-44A2-8980-5512586F5B22}.Debug|Any CPU.Build.0 = Debug|Any CPU
		{765E5FD8-1F08-44A2-8980-5512586F5B22}.Release|Any CPU.ActiveCfg = Release|Any CPU
		{765E5FD8-1F08-44A2-8980-5512586F5B22}.Release|Any CPU.Build.0 = Release|Any CPU
	EndGlobalSection
	GlobalSection(SolutionProperties) = preSolution
		HideSolutionNode = FALSE
	EndGlobalSection
	GlobalSection(ExtensibilityGlobals) = postSolution
		SolutionGuid = {04556170-4A0E-4DB6-900E-7245BB0A4428}
	EndGlobalSection
EndGlobal
